// !$*UTF8*$!
{
	archiveVersion = 1;
	classes = {
	};
	objectVersion = 46;
	objects = {

/* Begin PBXBuildFile section */
		6D8F01B81D7BDF1E00308166 /* AppDelegate.swift in Sources */ = {isa = PBXBuildFile; fileRef = 6D8F01B71D7BDF1E00308166 /* AppDelegate.swift */; };
		6D8F01BA1D7BDF1E00308166 /* ViewController.swift in Sources */ = {isa = PBXBuildFile; fileRef = 6D8F01B91D7BDF1E00308166 /* ViewController.swift */; };
		6D8F01BD1D7BDF1E00308166 /* Main.storyboard in Resources */ = {isa = PBXBuildFile; fileRef = 6D8F01BB1D7BDF1E00308166 /* Main.storyboard */; };
		6D8F01BF1D7BDF1E00308166 /* Assets.xcassets in Resources */ = {isa = PBXBuildFile; fileRef = 6D8F01BE1D7BDF1E00308166 /* Assets.xcassets */; };
		6D8F01C21D7BDF1E00308166 /* LaunchScreen.storyboard in Resources */ = {isa = PBXBuildFile; fileRef = 6D8F01C01D7BDF1E00308166 /* LaunchScreen.storyboard */; };
/* End PBXBuildFile section */

/* Begin PBXFileReference section */
		6D8F01B41D7BDF1E00308166 /* SlectableCalender.app */ = {isa = PBXFileReference; explicitFileType = wrapper.application; includeInIndex = 0; path = SlectableCalender.app; sourceTree = BUILT_PRODUCTS_DIR; };
		6D8F01B71D7BDF1E00308166 /* AppDelegate.swift */ = {isa = PBXFileReference; lastKnownFileType = sourcecode.swift; path = AppDelegate.swift; sourceTree = "<group>"; };
		6D8F01B91D7BDF1E00308166 /* ViewController.swift */ = {isa = PBXFileReference; lastKnownFileType = sourcecode.swift; path = ViewController.swift; sourceTree = "<group>"; };
		6D8F01BC1D7BDF1E00308166 /* Base */ = {isa = PBXFileReference; lastKnownFileType = file.storyboard; name = Base; path = Base.lproj/Main.storyboard; sourceTree = "<group>"; };
		6D8F01BE1D7BDF1E00308166 /* Assets.xcassets */ = {isa = PBXFileReference; lastKnownFileType = folder.assetcatalog; path = Assets.xcassets; sourceTree = "<group>"; };
		6D8F01C11D7BDF1E00308166 /* Base */ = {isa = PBXFileReference; lastKnownFileType = file.storyboard; name = Base; path = Base.lproj/LaunchScreen.storyboard; sourceTree = "<group>"; };
		6D8F01C31D7BDF1E00308166 /* Info.plist */ = {isa = PBXFileReference; lastKnownFileType = text.plist.xml; path = Info.plist; sourceTree = "<group>"; };
/* End PBXFileReference section */

/* Begin PBXFrameworksBuildPhase section */
		6D8F01B11D7BDF1E00308166 /* Frameworks */ = {
			isa = PBXFrameworksBuildPhase;
			buildActionMask = 2147483647;
			files = (
			);
			runOnlyForDeploymentPostprocessing = 0;
		};
/* End PBXFrameworksBuildPhase section */

/* Begin PBXGroup section */
		6D8F01AB1D7BDF1E00308166 = {
			isa = PBXGroup;
			children = (
				6D8F01B61D7BDF1E00308166 /* SlectableCalender */,
				6D8F01B51D7BDF1E00308166 /* Products */,
			);
			sourceTree = "<group>";
		};
		6D8F01B51D7BDF1E00308166 /* Products */ = {
			isa = PBXGroup;
			children = (
				6D8F01B41D7BDF1E00308166 /* SlectableCalender.app */,
			);
			name = Products;
			sourceTree = "<group>";
		};
		6D8F01B61D7BDF1E00308166 /* SlectableCalender */ = {
			isa = PBXGroup;
			children = (
				6D8F01B71D7BDF1E00308166 /* AppDelegate.swift */,
				6D8F01B91D7BDF1E00308166 /* ViewController.swift */,
				6D8F01BB1D7BDF1E00308166 /* Main.storyboard */,
				6D8F01BE1D7BDF1E00308166 /* Assets.xcassets */,
				6D8F01C01D7BDF1E00308166 /* LaunchScreen.storyboard */,
				6D8F01C31D7BDF1E00308166 /* Info.plist */,
			);
			path = SlectableCalender;
			sourceTree = "<group>";
		};
/* End PBXGroup section */

/* Begin PBXNativeTarget section */
		6D8F01B31D7BDF1E00308166 /* SlectableCalender */ = {
			isa = PBXNativeTarget;
			buildConfigurationList = 6D8F01C61D7BDF1E00308166 /* Build configuration list for PBXNativeTarget "SlectableCalender" */;
			buildPhases = (
				6D8F01B01D7BDF1E00308166 /* Sources */,
				6D8F01B11D7BDF1E00308166 /* Frameworks */,
				6D8F01B21D7BDF1E00308166 /* Resources */,
			);
			buildRules = (
			);
			dependencies = (
			);
			name = SlectableCalender;
			productName = SlectableCalender;
			productReference = 6D8F01B41D7BDF1E00308166 /* SlectableCalender.app */;
			productType = "com.apple.product-type.application";
		};
/* End PBXNativeTarget section */

/* Begin PBXProject section */
		6D8F01AC1D7BDF1E00308166 /* Project object */ = {
			isa = PBXProject;
			attributes = {
				LastSwiftUpdateCheck = 0730;
				LastUpgradeCheck = 0730;
				ORGANIZATIONNAME = Shohei;
				TargetAttributes = {
					6D8F01B31D7BDF1E00308166 = {
						CreatedOnToolsVersion = 7.3;
					};
				};
			};
			buildConfigurationList = 6D8F01AF1D7BDF1E00308166 /* Build configuration list for PBXProject "SlectableCalender" */;
			compatibilityVersion = "Xcode 3.2";
			developmentRegion = English;
			hasScannedForEncodings = 0;
			knownRegions = (
				en,
				Base,
			);
			mainGroup = 6D8F01AB1D7BDF1E00308166;
			productRefGroup = 6D8F01B51D7BDF1E00308166 /* Products */;
			projectDirPath = "";
			projectRoot = "";
			targets = (
				6D8F01B31D7BDF1E00308166 /* SlectableCalender */,
			);
		};
/* End PBXProject section */

/* Begin PBXResourcesBuildPhase section */
		6D8F01B21D7BDF1E00308166 /* Resources */ = {
			isa = PBXResourcesBuildPhase;
			buildActionMask = 2147483647;
			files = (
				6D8F01C21D7BDF1E00308166 /* LaunchScreen.storyboard in Resources */,
				6D8F01BF1D7BDF1E00308166 /* Assets.xcassets in Resources */,
				6D8F01BD1D7BDF1E00308166 /* Main.storyboard in Resources */,
			);
			runOnlyForDeploymentPostprocessing = 0;
		};
/* End PBXResourcesBuildPhase section */

/* Begin PBXSourcesBuildPhase section */
		6D8F01B01D7BDF1E00308166 /* Sources */ = {
			isa = PBXSourcesBuildPhase;
			buildActionMask = 2147483647;
			files = (
				6D8F01BA1D7BDF1E00308166 /* ViewController.swift in Sources */,
				6D8F01B81D7BDF1E00308166 /* AppDelegate.swift in Sources */,
			);
			runOnlyForDeploymentPostprocessing = 0;
		};
/* End PBXSourcesBuildPhase section */

/* Begin PBXVariantGroup section */
		6D8F01BB1D7BDF1E00308166 /* Main.storyboard */ = {
			isa = PBXVariantGroup;
			children = (
				6D8F01BC1D7BDF1E00308166 /* Base */,
			);
			name = Main.storyboard;
			sourceTree = "<group>";
		};
		6D8F01C01D7BDF1E00308166 /* LaunchScreen.storyboard */ = {
			isa = PBXVariantGroup;
			children = (
				6D8F01C11D7BDF1E00308166 /* Base */,
			);
			name = LaunchScreen.storyboard;
			sourceTree = "<group>";
		};
/* End PBXVariantGroup section */

/* Begin XCBuildConfiguration section */
		6D8F01C41D7BDF1E00308166 /* Debug */ = {
			isa = XCBuildConfiguration;
			buildSettings = {
				ALWAYS_SEARCH_USER_PATHS = NO;
				CLANG_ANALYZER_NONNULL = YES;
				CLANG_CXX_LANGUAGE_STANDARD = "gnu++0x";
				CLANG_CXX_LIBRARY = "libc++";
				CLANG_ENABLE_MODULES = YES;
				CLANG_ENABLE_OBJC_ARC = YES;
				CLANG_WARN_BOOL_CONVERSION = YES;
				CLANG_WARN_CONSTANT_CONVERSION = YES;
				CLANG_WARN_DIRECT_OBJC_ISA_USAGE = YES_ERROR;
				CLANG_WARN_EMPTY_BODY = YES;
				CLANG_WARN_ENUM_CONVERSION = YES;
				CLANG_WARN_INT_CONVERSION = YES;
				CLANG_WARN_OBJC_ROOT_CLASS = YES_ERROR;
				CLANG_WARN_UNREACHABLE_CODE = YES;
				CLANG_WARN__DUPLICATE_METHOD_MATCH = YES;
				"CODE_SIGN_IDENTITY[sdk=iphoneos*]" = "iPhone Developer";
				COPY_PHASE_STRIP = NO;
				DEBUG_INFORMATION_FORMAT = dwarf;
				ENABLE_STRICT_OBJC_MSGSEND = YES;
				ENABLE_TESTABILITY = YES;
				GCC_C_LANGUAGE_STANDARD = gnu99;
				GCC_DYNAMIC_NO_PIC = NO;
				GCC_NO_COMMON_BLOCKS = YES;
				GCC_OPTIMIZATION_LEVEL = 0;
				GCC_PREPROCESSOR_DEFINITIONS = (
					"DEBUG=1",
					"$(inherited)",
				);
				GCC_WARN_64_TO_32_BIT_CONVERSION = YES;
				GCC_WARN_ABOUT_RETURN_TYPE = YES_ERROR;
				GCC_WARN_UNDECLARED_SELECTOR = YES;
				GCC_WARN_UNINITIALIZED_AUTOS = YES_AGGRESSIVE;
				GCC_WARN_UNUSED_FUNCTION = YES;
				GCC_WARN_UNUSED_VARIABLE = YES;
				IPHONEOS_DEPLOYMENT_TARGET = 9.3;
				MTL_ENABLE_DEBUG_INFO = YES;
				ONLY_ACTIVE_ARCH = YES;
				SDKROOT = iphoneos;
				SWIFT_OPTIMIZATION_LEVEL = "-Onone";
			};
			name = Debug;
		};
		6D8F01C51D7BDF1E00308166 /* Release */ = {
			isa = XCBuildConfiguration;
			buildSettings = {
				ALWAYS_SEARCH_USER_PATHS = NO;
				CLANG_ANALYZER_NONNULL = YES;
				CLANG_CXX_LANGUAGE_STANDARD = "gnu++0x";
				CLANG_CXX_LIBRARY = "libc++";
				CLANG_ENABLE_MODULES = YES;
				CLANG_ENABLE_OBJC_ARC = YES;
				CLANG_WARN_BOOL_CONVERSION = YES;
				CLANG_WARN_CONSTANT_CONVERSION = YES;
				CLANG_WARN_DIRECT_OBJC_ISA_USAGE = YES_ERROR;
				CLANG_WARN_EMPTY_BODY = YES;
				CLANG_WARN_ENUM_CONVERSION = YES;
				CLANG_WARN_INT_CONVERSION = YES;
				CLANG_WARN_OBJC_ROOT_CLASS = YES_ERROR;
				CLANG_WARN_UNREACHABLE_CODE = YES;
				CLANG_WARN__DUPLICATE_METHOD_MATCH = YES;
				"CODE_SIGN_IDENTITY[sdk=iphoneos*]" = "iPhone Developer";
				COPY_PHASE_STRIP = NO;
				DEBUG_INFORMATION_FORMAT = "dwarf-with-dsym";
				ENABLE_NS_ASSERTIONS = NO;
				ENABLE_STRICT_OBJC_MSGSEND = YES;
				GCC_C_LANGUAGE_STANDARD = gnu99;
				GCC_NO_COMMON_BLOCKS = YES;
				GCC_WARN_64_TO_32_BIT_CONVERSION = YES;
				GCC_WARN_ABOUT_RETURN_TYPE = YES_ERROR;
				GCC_WARN_UNDECLARED_SELECTOR = YES;
				GCC_WARN_UNINITIALIZED_AUTOS = YES_AGGRESSIVE;
				GCC_WARN_UNUSED_FUNCTION = YES;
				GCC_WARN_UNUSED_VARIABLE = YES;
				IPHONEOS_DEPLOYMENT_TARGET = 9.3;
				MTL_ENABLE_DEBUG_INFO = NO;
				SDKROOT = iphoneos;
				VALIDATE_PRODUCT = YES;
			};
			name = Release;
		};
		6D8F01C71D7BDF1E00308166 /* Debug */ = {
			isa = XCBuildConfiguration;
			buildSettings = {
				ASSETCATALOG_COMPILER_APPICON_NAME = AppIcon;
				INFOPLIST_FILE = SlectableCalender/Info.plist;
				LD_RUNPATH_SEARCH_PATHS = "$(inherited) @executable_path/Frameworks";
				PRODUCT_BUNDLE_IDENTIFIER = com.Shohei.SlectableCalender;
				PRODUCT_NAME = "$(TARGET_NAME)";
			};
			name = Debug;
		};
		6D8F01C81D7BDF1E00308166 /* Release */ = {
			isa = XCBuildConfiguration;
			buildSettings = {
				ASSETCATALOG_COMPILER_APPICON_NAME = AppIcon;
				INFOPLIST_FILE = SlectableCalender/Info.plist;
				LD_RUNPATH_SEARCH_PATHS = "$(inherited) @executable_path/Frameworks";
				PRODUCT_BUNDLE_IDENTIFIER = com.Shohei.SlectableCalender;
				PRODUCT_NAME = "$(TARGET_NAME)";
			};
			name = Release;
		};
/* End XCBuildConfiguration section */

/* Begin XCConfigurationList section */
		6D8F01AF1D7BDF1E00308166 /* Build configuration list for PBXProject "SlectableCalender" */ = {
			isa = XCConfigurationList;
			buildConfigurations = (
				6D8F01C41D7BDF1E00308166 /* Debug */,
				6D8F01C51D7BDF1E00308166 /* Release */,
			);
			defaultConfigurationIsVisible = 0;
			defaultConfigurationName = Release;
		};
		6D8F01C61D7BDF1E00308166 /* Build configuration list for PBXNativeTarget "SlectableCalender" */ = {
			isa = XCConfigurationList;
			buildConfigurations = (
				6D8F01C71D7BDF1E00308166 /* Debug */,
				6D8F01C81D7BDF1E00308166 /* Release */,
			);
			defaultConfigurationIsVisible = 0;
		};
/* End XCConfigurationList section */
	};
	rootObject = 6D8F01AC1D7BDF1E00308166 /* Project object */;
}
